
Microsoft Visual Studio Solution File, Format Version 12.00
# Visual Studio Version 17
VisualStudioVersion = 17.9.34622.214
MinimumVisualStudioVersion = 10.0.40219.1
Project("{FAE04EC0-301F-11D3-BF4B-00C04F79EFBC}") = "crud-dotnet-api", "crud-dotnet-api\crud-dotnet-api.csproj", "{0C7C583D-4C58-4C1D-BE4C-2C9071A547ED}"
EndProject
Global
	GlobalSection(SolutionConfigurationPlatforms) = preSolution
		Debug|Any CPU = Debug|Any CPU
		Release|Any CPU = Release|Any CPU
	EndGlobalSection
	GlobalSection(ProjectConfigurationPlatforms) = postSolution
		{0C7C583D-4C58-4C1D-BE4C-2C9071A547ED}.Debug|Any CPU.ActiveCfg = Debug|Any CPU
		{0C7C583D-4C58-4C1D-BE4C-2C9071A547ED}.Debug|Any CPU.Build.0 = Debug|Any CPU
		{0C7C583D-4C58-4C1D-BE4C-2C9071A547ED}.Release|Any CPU.ActiveCfg = Release|Any CPU
		{0C7C583D-4C58-4C1D-BE4C-2C9071A547ED}.Release|Any CPU.Build.0 = Release|Any CPU
	EndGlobalSection
	GlobalSection(SolutionProperties) = preSolution
		HideSolutionNode = FALSE
	EndGlobalSection
	GlobalSection(ExtensibilityGlobals) = postSolution
		SolutionGuid = {150E316A-40DE-4044-B93A-1FD4367B5FBA}
	EndGlobalSection
EndGlobal
